
Microsoft Visual Studio Solution File, Format Version 12.00
# Visual Studio Version 16
VisualStudioVersion = 16.0.30320.27
MinimumVisualStudioVersion = 10.0.40219.1
Project("{FAE04EC0-301F-11D3-BF4B-00C04F79EFBC}") = "MathGraph", "MathGraph\MathGraph.csproj", "{14B5CE5D-A5B9-4063-91EE-CEF2D55E3BDA}"
EndProject
Global
	GlobalSection(SolutionConfigurationPlatforms) = preSolution
		Debug|Any CPU = Debug|Any CPU
		Release|Any CPU = Release|Any CPU
	EndGlobalSection
	GlobalSection(ProjectConfigurationPlatforms) = postSolution
		{14B5CE5D-A5B9-4063-91EE-CEF2D55E3BDA}.Debug|Any CPU.ActiveCfg = Debug|Any CPU
		{14B5CE5D-A5B9-4063-91EE-CEF2D55E3BDA}.Debug|Any CPU.Build.0 = Debug|Any CPU
		{14B5CE5D-A5B9-4063-91EE-CEF2D55E3BDA}.Release|Any CPU.ActiveCfg = Release|Any CPU
		{14B5CE5D-A5B9-4063-91EE-CEF2D55E3BDA}.Release|Any CPU.Build.0 = Release|Any CPU
	EndGlobalSection
	GlobalSection(SolutionProperties) = preSolution
		HideSolutionNode = FALSE
	EndGlobalSection
	GlobalSection(ExtensibilityGlobals) = postSolution
		SolutionGuid = {76D2F200-F27B-4D3E-A9DC-94C9717CE6F1}
	EndGlobalSection
EndGlobal
